
Microsoft Visual Studio Solution File, Format Version 12.00
Project("{2150E333-8FDC-42A3-9474-1A3956D46DE8}") = "building-blocks", "building-blocks", "{5064750C-DA87-4630-B093-26A1B2B68C24}"
EndProject
Project("{FAE04EC0-301F-11D3-BF4B-00C04F79EFBC}") = "BuildingBlocks.Domain", "src\services\building-blocks\BuildingBlocks.Domain\BuildingBlocks.Domain.csproj", "{A3CB0F61-F878-4A9A-A182-8071DCFF586C}"
EndProject
Project("{FAE04EC0-301F-11D3-BF4B-00C04F79EFBC}") = "BuildingBlocks.Application", "src\services\building-blocks\BuildingBlocks.Application\BuildingBlocks.Application.csproj", "{7FDDA663-98B7-4C13-8D3D-1E2505A1DB7B}"
EndProject
Project("{FAE04EC0-301F-11D3-BF4B-00C04F79EFBC}") = "BuildingBlocks.Infrastructure", "src\services\building-blocks\BuildingBlocks.Infrastructure\BuildingBlocks.Infrastructure.csproj", "{91901B3B-1A2F-4555-A9A1-6612AA306692}"
EndProject
Project("{FAE04EC0-301F-11D3-BF4B-00C04F79EFBC}") = "BuildingBlocks.Security", "src\services\building-blocks\BuildingBlocks.Security\BuildingBlocks.Security.csproj", "{1CD7EC4F-16D8-4C56-9867-B149B4D5C586}"
EndProject
Project("{FAE04EC0-301F-11D3-BF4B-00C04F79EFBC}") = "BuildingBlocks.Web", "src\services\building-blocks\BuildingBlocks.Web\BuildingBlocks.Web.csproj", "{2D86F9B3-4D3D-4921-AC95-268908380FD9}"
EndProject
Project("{FAE04EC0-301F-11D3-BF4B-00C04F79EFBC}") = "BuildingBlocks.Shared", "src\services\building-blocks\BuildingBlocks.Shared\BuildingBlocks.Shared.csproj", "{5337DB2D-78EE-46B0-9508-5DDF697BD4C5}"
EndProject
Project("{2150E333-8FDC-42A3-9474-1A3956D46DE8}") = "api", "api", "{3A5F87C1-9631-452D-A052-DAE77B6F04EC}"
EndProject
Project("{FAE04EC0-301F-11D3-BF4B-00C04F79EFBC}") = "Btree.Api", "src\api\Btree.Api\Btree.Api.csproj", "{316B3D5F-252E-4633-9DB4-CE5203A10E6D}"
EndProject
Project("{2150E333-8FDC-42A3-9474-1A3956D46DE8}") = "users", "users", "{9ED1AE8B-466F-47DE-ABC0-B74D0E3CAFD8}"
EndProject
Project("{FAE04EC0-301F-11D3-BF4B-00C04F79EFBC}") = "Users.Domain", "src\services\users-module\Users.Domain\Users.Domain.csproj", "{5E80803A-5C36-4335-9E8B-62B8E8F604A5}"
EndProject
Project("{FAE04EC0-301F-11D3-BF4B-00C04F79EFBC}") = "Users.Infrastructure", "src\services\users-module\Users.Infrastructure\Users.Infrastructure.csproj", "{D9954D6E-2076-4A69-AD08-EAE5B476C39A}"
EndProject
Project("{FAE04EC0-301F-11D3-BF4B-00C04F79EFBC}") = "Users.Application", "src\services\users-module\Users.Application\Users.Application.csproj", "{77D2D5A6-68CC-407B-8F20-946FF599BB32}"
EndProject
Global
	GlobalSection(SolutionConfigurationPlatforms) = preSolution
		Debug|Any CPU = Debug|Any CPU
		Release|Any CPU = Release|Any CPU
	EndGlobalSection
	GlobalSection(NestedProjects) = preSolution
		{A3CB0F61-F878-4A9A-A182-8071DCFF586C} = {5064750C-DA87-4630-B093-26A1B2B68C24}
		{7FDDA663-98B7-4C13-8D3D-1E2505A1DB7B} = {5064750C-DA87-4630-B093-26A1B2B68C24}
		{91901B3B-1A2F-4555-A9A1-6612AA306692} = {5064750C-DA87-4630-B093-26A1B2B68C24}
		{1CD7EC4F-16D8-4C56-9867-B149B4D5C586} = {5064750C-DA87-4630-B093-26A1B2B68C24}
		{2D86F9B3-4D3D-4921-AC95-268908380FD9} = {5064750C-DA87-4630-B093-26A1B2B68C24}
		{5337DB2D-78EE-46B0-9508-5DDF697BD4C5} = {5064750C-DA87-4630-B093-26A1B2B68C24}
		{316B3D5F-252E-4633-9DB4-CE5203A10E6D} = {3A5F87C1-9631-452D-A052-DAE77B6F04EC}
		{5E80803A-5C36-4335-9E8B-62B8E8F604A5} = {9ED1AE8B-466F-47DE-ABC0-B74D0E3CAFD8}
		{D9954D6E-2076-4A69-AD08-EAE5B476C39A} = {9ED1AE8B-466F-47DE-ABC0-B74D0E3CAFD8}
		{77D2D5A6-68CC-407B-8F20-946FF599BB32} = {9ED1AE8B-466F-47DE-ABC0-B74D0E3CAFD8}
	EndGlobalSection
	GlobalSection(ProjectConfigurationPlatforms) = postSolution
		{A3CB0F61-F878-4A9A-A182-8071DCFF586C}.Debug|Any CPU.ActiveCfg = Debug|Any CPU
		{A3CB0F61-F878-4A9A-A182-8071DCFF586C}.Debug|Any CPU.Build.0 = Debug|Any CPU
		{A3CB0F61-F878-4A9A-A182-8071DCFF586C}.Release|Any CPU.ActiveCfg = Release|Any CPU
		{A3CB0F61-F878-4A9A-A182-8071DCFF586C}.Release|Any CPU.Build.0 = Release|Any CPU
		{7FDDA663-98B7-4C13-8D3D-1E2505A1DB7B}.Debug|Any CPU.ActiveCfg = Debug|Any CPU
		{7FDDA663-98B7-4C13-8D3D-1E2505A1DB7B}.Debug|Any CPU.Build.0 = Debug|Any CPU
		{7FDDA663-98B7-4C13-8D3D-1E2505A1DB7B}.Release|Any CPU.ActiveCfg = Release|Any CPU
		{7FDDA663-98B7-4C13-8D3D-1E2505A1DB7B}.Release|Any CPU.Build.0 = Release|Any CPU
		{91901B3B-1A2F-4555-A9A1-6612AA306692}.Debug|Any CPU.ActiveCfg = Debug|Any CPU
		{91901B3B-1A2F-4555-A9A1-6612AA306692}.Debug|Any CPU.Build.0 = Debug|Any CPU
		{91901B3B-1A2F-4555-A9A1-6612AA306692}.Release|Any CPU.ActiveCfg = Release|Any CPU
		{91901B3B-1A2F-4555-A9A1-6612AA306692}.Release|Any CPU.Build.0 = Release|Any CPU
		{1CD7EC4F-16D8-4C56-9867-B149B4D5C586}.Debug|Any CPU.ActiveCfg = Debug|Any CPU
		{1CD7EC4F-16D8-4C56-9867-B149B4D5C586}.Debug|Any CPU.Build.0 = Debug|Any CPU
		{1CD7EC4F-16D8-4C56-9867-B149B4D5C586}.Release|Any CPU.ActiveCfg = Release|Any CPU
		{1CD7EC4F-16D8-4C56-9867-B149B4D5C586}.Release|Any CPU.Build.0 = Release|Any CPU
		{2D86F9B3-4D3D-4921-AC95-268908380FD9}.Debug|Any CPU.ActiveCfg = Debug|Any CPU
		{2D86F9B3-4D3D-4921-AC95-268908380FD9}.Debug|Any CPU.Build.0 = Debug|Any CPU
		{2D86F9B3-4D3D-4921-AC95-268908380FD9}.Release|Any CPU.ActiveCfg = Release|Any CPU
		{2D86F9B3-4D3D-4921-AC95-268908380FD9}.Release|Any CPU.Build.0 = Release|Any CPU
		{5337DB2D-78EE-46B0-9508-5DDF697BD4C5}.Debug|Any CPU.ActiveCfg = Debug|Any CPU
		{5337DB2D-78EE-46B0-9508-5DDF697BD4C5}.Debug|Any CPU.Build.0 = Debug|Any CPU
		{5337DB2D-78EE-46B0-9508-5DDF697BD4C5}.Release|Any CPU.ActiveCfg = Release|Any CPU
		{5337DB2D-78EE-46B0-9508-5DDF697BD4C5}.Release|Any CPU.Build.0 = Release|Any CPU
		{316B3D5F-252E-4633-9DB4-CE5203A10E6D}.Debug|Any CPU.ActiveCfg = Debug|Any CPU
		{316B3D5F-252E-4633-9DB4-CE5203A10E6D}.Debug|Any CPU.Build.0 = Debug|Any CPU
		{316B3D5F-252E-4633-9DB4-CE5203A10E6D}.Release|Any CPU.ActiveCfg = Release|Any CPU
		{316B3D5F-252E-4633-9DB4-CE5203A10E6D}.Release|Any CPU.Build.0 = Release|Any CPU
		{5E80803A-5C36-4335-9E8B-62B8E8F604A5}.Debug|Any CPU.ActiveCfg = Debug|Any CPU
		{5E80803A-5C36-4335-9E8B-62B8E8F604A5}.Debug|Any CPU.Build.0 = Debug|Any CPU
		{5E80803A-5C36-4335-9E8B-62B8E8F604A5}.Release|Any CPU.ActiveCfg = Release|Any CPU
		{5E80803A-5C36-4335-9E8B-62B8E8F604A5}.Release|Any CPU.Build.0 = Release|Any CPU
		{D9954D6E-2076-4A69-AD08-EAE5B476C39A}.Debug|Any CPU.ActiveCfg = Debug|Any CPU
		{D9954D6E-2076-4A69-AD08-EAE5B476C39A}.Debug|Any CPU.Build.0 = Debug|Any CPU
		{D9954D6E-2076-4A69-AD08-EAE5B476C39A}.Release|Any CPU.ActiveCfg = Release|Any CPU
		{D9954D6E-2076-4A69-AD08-EAE5B476C39A}.Release|Any CPU.Build.0 = Release|Any CPU
		{77D2D5A6-68CC-407B-8F20-946FF599BB32}.Debug|Any CPU.ActiveCfg = Debug|Any CPU
		{77D2D5A6-68CC-407B-8F20-946FF599BB32}.Debug|Any CPU.Build.0 = Debug|Any CPU
		{77D2D5A6-68CC-407B-8F20-946FF599BB32}.Release|Any CPU.ActiveCfg = Release|Any CPU
		{77D2D5A6-68CC-407B-8F20-946FF599BB32}.Release|Any CPU.Build.0 = Release|Any CPU
	EndGlobalSection
EndGlobal
